
Microsoft Visual Studio Solution File, Format Version 12.00
# Visual Studio Version 16
VisualStudioVersion = 16.0.31205.134
MinimumVisualStudioVersion = 10.0.40219.1
Project("{8BC9CEB8-8B4A-11D0-8D11-00A0C91BC942}") = "sandbox", "sandbox\sandbox.vcxproj", "{88F1DC7C-BBFC-4E46-A1DF-F82F45A4B80F}"
EndProject
Project("{8BC9CEB8-8B4A-11D0-8D11-00A0C91BC942}") = "Hazel", "Hazel\Hazel.vcxproj", "{1F811409-7FD0-40E6-AF75-99005BBC0033}"
EndProject
Global
	GlobalSection(SolutionConfigurationPlatforms) = preSolution
		Debug|x64 = Debug|x64
		Release|x64 = Release|x64
	EndGlobalSection
	GlobalSection(ProjectConfigurationPlatforms) = postSolution
		{1F811409-7FD0-40E6-AF75-99005BBC0033}.Debug|x64.ActiveCfg = Debug|x64
		{1F811409-7FD0-40E6-AF75-99005BBC0033}.Debug|x64.Build.0 = Debug|x64
		{1F811409-7FD0-40E6-AF75-99005BBC0033}.Release|x64.ActiveCfg = Release|x64
		{1F811409-7FD0-40E6-AF75-99005BBC0033}.Release|x64.Build.0 = Release|x64
		{88F1DC7C-BBFC-4E46-A1DF-F82F45A4B80F}.Debug|x64.ActiveCfg = Debug|x64
		{88F1DC7C-BBFC-4E46-A1DF-F82F45A4B80F}.Debug|x64.Build.0 = Debug|x64
		{88F1DC7C-BBFC-4E46-A1DF-F82F45A4B80F}.Release|x64.ActiveCfg = Release|x64
		{88F1DC7C-BBFC-4E46-A1DF-F82F45A4B80F}.Release|x64.Build.0 = Release|x64
	EndGlobalSection
	GlobalSection(SolutionProperties) = preSolution
		HideSolutionNode = FALSE
	EndGlobalSection
	GlobalSection(ExtensibilityGlobals) = postSolution
		SolutionGuid = {876A4305-9EA8-4E9B-8A9A-1056138EF1C1}
	EndGlobalSection
EndGlobal
